
Microsoft Visual Studio Solution File, Format Version 12.00
# Visual Studio Version 17
VisualStudioVersion = 17.11.35327.3
MinimumVisualStudioVersion = 10.0.40219.1
Project("{FAE04EC0-301F-11D3-BF4B-00C04F79EFBC}") = "ConsoleApp2", "ConsoleApp2\ConsoleApp2.csproj", "{FB4D1522-29E9-44FA-97CD-23DAD5FD22A5}"
EndProject
Global
	GlobalSection(SolutionConfigurationPlatforms) = preSolution
		Debug|Any CPU = Debug|Any CPU
		Release|Any CPU = Release|Any CPU
	EndGlobalSection
	GlobalSection(ProjectConfigurationPlatforms) = postSolution
		{FB4D1522-29E9-44FA-97CD-23DAD5FD22A5}.Debug|Any CPU.ActiveCfg = Debug|Any CPU
		{FB4D1522-29E9-44FA-97CD-23DAD5FD22A5}.Debug|Any CPU.Build.0 = Debug|Any CPU
		{FB4D1522-29E9-44FA-97CD-23DAD5FD22A5}.Release|Any CPU.ActiveCfg = Release|Any CPU
		{FB4D1522-29E9-44FA-97CD-23DAD5FD22A5}.Release|Any CPU.Build.0 = Release|Any CPU
	EndGlobalSection
	GlobalSection(SolutionProperties) = preSolution
		HideSolutionNode = FALSE
	EndGlobalSection
	GlobalSection(ExtensibilityGlobals) = postSolution
		SolutionGuid = {52B74641-F662-4603-A276-2788BD41D7F0}
	EndGlobalSection
EndGlobal
